
Microsoft Visual Studio Solution File, Format Version 12.00
# Visual Studio Version 17
VisualStudioVersion = 17.14.36616.10 d17.14
MinimumVisualStudioVersion = 10.0.40219.1
Project("{FAE04EC0-301F-11D3-BF4B-00C04F79EFBC}") = "OrisSemestrWork1", "OrisSemestrWork1\OrisSemestrWork1.csproj", "{DA4924A4-38E7-4A41-AF56-80E8432BA6A9}"
EndProject
Global
	GlobalSection(SolutionConfigurationPlatforms) = preSolution
		Debug|Any CPU = Debug|Any CPU
		Release|Any CPU = Release|Any CPU
	EndGlobalSection
	GlobalSection(ProjectConfigurationPlatforms) = postSolution
		{DA4924A4-38E7-4A41-AF56-80E8432BA6A9}.Debug|Any CPU.ActiveCfg = Debug|Any CPU
		{DA4924A4-38E7-4A41-AF56-80E8432BA6A9}.Debug|Any CPU.Build.0 = Debug|Any CPU
		{DA4924A4-38E7-4A41-AF56-80E8432BA6A9}.Release|Any CPU.ActiveCfg = Release|Any CPU
		{DA4924A4-38E7-4A41-AF56-80E8432BA6A9}.Release|Any CPU.Build.0 = Release|Any CPU
	EndGlobalSection
	GlobalSection(SolutionProperties) = preSolution
		HideSolutionNode = FALSE
	EndGlobalSection
	GlobalSection(ExtensibilityGlobals) = postSolution
		SolutionGuid = {739F90EA-45B9-44F4-A093-7471C7D9EC78}
	EndGlobalSection
EndGlobal
